
Microsoft Visual Studio Solution File, Format Version 11.00
# Visual Studio 2010
Project("{FAE04EC0-301F-11D3-BF4B-00C04F79EFBC}") = "wf2", "wf2\wf2.csproj", "{22344C0C-C14E-4D6C-8416-B4E95AC6ABA3}"
EndProject
Global
	GlobalSection(SolutionConfigurationPlatforms) = preSolution
		Debug|x86 = Debug|x86
		Release|x86 = Release|x86
	EndGlobalSection
	GlobalSection(ProjectConfigurationPlatforms) = postSolution
		{22344C0C-C14E-4D6C-8416-B4E95AC6ABA3}.Debug|x86.ActiveCfg = Debug|x86
		{22344C0C-C14E-4D6C-8416-B4E95AC6ABA3}.Debug|x86.Build.0 = Debug|x86
		{22344C0C-C14E-4D6C-8416-B4E95AC6ABA3}.Release|x86.ActiveCfg = Release|x86
		{22344C0C-C14E-4D6C-8416-B4E95AC6ABA3}.Release|x86.Build.0 = Release|x86
	EndGlobalSection
	GlobalSection(SolutionProperties) = preSolution
		HideSolutionNode = FALSE
	EndGlobalSection
EndGlobal
